// !$*UTF8*$!
{
	archiveVersion = 1;
	classes = {
	};
	objectVersion = 46;
	objects = {

/* Begin PBXBuildFile section */
		800CBF7B1C4E643E009767E1 /* AppDelegate.swift in Sources */ = {isa = PBXBuildFile; fileRef = 800CBF7A1C4E643E009767E1 /* AppDelegate.swift */; };
		800CBF7D1C4E643E009767E1 /* ViewController.swift in Sources */ = {isa = PBXBuildFile; fileRef = 800CBF7C1C4E643E009767E1 /* ViewController.swift */; };
		800CBF801C4E643E009767E1 /* Main.storyboard in Resources */ = {isa = PBXBuildFile; fileRef = 800CBF7E1C4E643E009767E1 /* Main.storyboard */; };
		800CBF821C4E643E009767E1 /* Assets.xcassets in Resources */ = {isa = PBXBuildFile; fileRef = 800CBF811C4E643E009767E1 /* Assets.xcassets */; };
		800CBF851C4E643E009767E1 /* LaunchScreen.storyboard in Resources */ = {isa = PBXBuildFile; fileRef = 800CBF831C4E643E009767E1 /* LaunchScreen.storyboard */; };
		800CBF901C4E643E009767E1 /* retro_calculatorTests.swift in Sources */ = {isa = PBXBuildFile; fileRef = 800CBF8F1C4E643E009767E1 /* retro_calculatorTests.swift */; };
		800CBF9B1C4E643E009767E1 /* retro_calculatorUITests.swift in Sources */ = {isa = PBXBuildFile; fileRef = 800CBF9A1C4E643E009767E1 /* retro_calculatorUITests.swift */; };
		800CBFA91C4E795C009767E1 /* Minecraft.ttf in Resources */ = {isa = PBXBuildFile; fileRef = 800CBFA81C4E795C009767E1 /* Minecraft.ttf */; };
		800CBFAB1C4E8242009767E1 /* btn.wav in Resources */ = {isa = PBXBuildFile; fileRef = 800CBFAA1C4E8242009767E1 /* btn.wav */; };
/* End PBXBuildFile section */

/* Begin PBXContainerItemProxy section */
		800CBF8C1C4E643E009767E1 /* PBXContainerItemProxy */ = {
			isa = PBXContainerItemProxy;
			containerPortal = 800CBF6F1C4E643E009767E1 /* Project object */;
			proxyType = 1;
			remoteGlobalIDString = 800CBF761C4E643E009767E1;
			remoteInfo = "retro-calculator";
		};
		800CBF971C4E643E009767E1 /* PBXContainerItemProxy */ = {
			isa = PBXContainerItemProxy;
			containerPortal = 800CBF6F1C4E643E009767E1 /* Project object */;
			proxyType = 1;
			remoteGlobalIDString = 800CBF761C4E643E009767E1;
			remoteInfo = "retro-calculator";
		};
/* End PBXContainerItemProxy section */

/* Begin PBXFileReference section */
		800CBF771C4E643E009767E1 /* retro-calculator.app */ = {isa = PBXFileReference; explicitFileType = wrapper.application; includeInIndex = 0; path = "retro-calculator.app"; sourceTree = BUILT_PRODUCTS_DIR; };
		800CBF7A1C4E643E009767E1 /* AppDelegate.swift */ = {isa = PBXFileReference; lastKnownFileType = sourcecode.swift; path = AppDelegate.swift; sourceTree = "<group>"; };
		800CBF7C1C4E643E009767E1 /* ViewController.swift */ = {isa = PBXFileReference; lastKnownFileType = sourcecode.swift; path = ViewController.swift; sourceTree = "<group>"; };
		800CBF7F1C4E643E009767E1 /* Base */ = {isa = PBXFileReference; lastKnownFileType = file.storyboard; name = Base; path = Base.lproj/Main.storyboard; sourceTree = "<group>"; };
		800CBF811C4E643E009767E1 /* Assets.xcassets */ = {isa = PBXFileReference; lastKnownFileType = folder.assetcatalog; path = Assets.xcassets; sourceTree = "<group>"; };
		800CBF841C4E643E009767E1 /* Base */ = {isa = PBXFileReference; lastKnownFileType = file.storyboard; name = Base; path = Base.lproj/LaunchScreen.storyboard; sourceTree = "<group>"; };
		800CBF861C4E643E009767E1 /* Info.plist */ = {isa = PBXFileReference; lastKnownFileType = text.plist.xml; path = Info.plist; sourceTree = "<group>"; };
		800CBF8B1C4E643E009767E1 /* retro-calculatorTests.xctest */ = {isa = PBXFileReference; explicitFileType = wrapper.cfbundle; includeInIndex = 0; path = "retro-calculatorTests.xctest"; sourceTree = BUILT_PRODUCTS_DIR; };
		800CBF8F1C4E643E009767E1 /* retro_calculatorTests.swift */ = {isa = PBXFileReference; lastKnownFileType = sourcecode.swift; path = retro_calculatorTests.swift; sourceTree = "<group>"; };
		800CBF911C4E643E009767E1 /* Info.plist */ = {isa = PBXFileReference; lastKnownFileType = text.plist.xml; path = Info.plist; sourceTree = "<group>"; };
		800CBF961C4E643E009767E1 /* retro-calculatorUITests.xctest */ = {isa = PBXFileReference; explicitFileType = wrapper.cfbundle; includeInIndex = 0; path = "retro-calculatorUITests.xctest"; sourceTree = BUILT_PRODUCTS_DIR; };
		800CBF9A1C4E643E009767E1 /* retro_calculatorUITests.swift */ = {isa = PBXFileReference; lastKnownFileType = sourcecode.swift; path = retro_calculatorUITests.swift; sourceTree = "<group>"; };
		800CBF9C1C4E643E009767E1 /* Info.plist */ = {isa = PBXFileReference; lastKnownFileType = text.plist.xml; path = Info.plist; sourceTree = "<group>"; };
		800CBFA81C4E795C009767E1 /* Minecraft.ttf */ = {isa = PBXFileReference; lastKnownFileType = file; path = Minecraft.ttf; sourceTree = "<group>"; };
		800CBFAA1C4E8242009767E1 /* btn.wav */ = {isa = PBXFileReference; lastKnownFileType = audio.wav; path = btn.wav; sourceTree = "<group>"; };
/* End PBXFileReference section */

/* Begin PBXFrameworksBuildPhase section */
		800CBF741C4E643E009767E1 /* Frameworks */ = {
			isa = PBXFrameworksBuildPhase;
			buildActionMask = 2147483647;
			files = (
			);
			runOnlyForDeploymentPostprocessing = 0;
		};
		800CBF881C4E643E009767E1 /* Frameworks */ = {
			isa = PBXFrameworksBuildPhase;
			buildActionMask = 2147483647;
			files = (
			);
			runOnlyForDeploymentPostprocessing = 0;
		};
		800CBF931C4E643E009767E1 /* Frameworks */ = {
			isa = PBXFrameworksBuildPhase;
			buildActionMask = 2147483647;
			files = (
			);
			runOnlyForDeploymentPostprocessing = 0;
		};
/* End PBXFrameworksBuildPhase section */

/* Begin PBXGroup section */
		800CBF6E1C4E643E009767E1 = {
			isa = PBXGroup;
			children = (
				800CBF791C4E643E009767E1 /* retro-calculator */,
				800CBF8E1C4E643E009767E1 /* retro-calculatorTests */,
				800CBF991C4E643E009767E1 /* retro-calculatorUITests */,
				800CBF781C4E643E009767E1 /* Products */,
			);
			sourceTree = "<group>";
		};
		800CBF781C4E643E009767E1 /* Products */ = {
			isa = PBXGroup;
			children = (
				800CBF771C4E643E009767E1 /* retro-calculator.app */,
				800CBF8B1C4E643E009767E1 /* retro-calculatorTests.xctest */,
				800CBF961C4E643E009767E1 /* retro-calculatorUITests.xctest */,
			);
			name = Products;
			sourceTree = "<group>";
		};
		800CBF791C4E643E009767E1 /* retro-calculator */ = {
			isa = PBXGroup;
			children = (
				800CBFA81C4E795C009767E1 /* Minecraft.ttf */,
				800CBFAA1C4E8242009767E1 /* btn.wav */,
				800CBF7A1C4E643E009767E1 /* AppDelegate.swift */,
				800CBF7C1C4E643E009767E1 /* ViewController.swift */,
				800CBF7E1C4E643E009767E1 /* Main.storyboard */,
				800CBF811C4E643E009767E1 /* Assets.xcassets */,
				800CBF831C4E643E009767E1 /* LaunchScreen.storyboard */,
				800CBF861C4E643E009767E1 /* Info.plist */,
			);
			path = "retro-calculator";
			sourceTree = "<group>";
		};
		800CBF8E1C4E643E009767E1 /* retro-calculatorTests */ = {
			isa = PBXGroup;
			children = (
				800CBF8F1C4E643E009767E1 /* retro_calculatorTests.swift */,
				800CBF911C4E643E009767E1 /* Info.plist */,
			);
			path = "retro-calculatorTests";
			sourceTree = "<group>";
		};
		800CBF991C4E643E009767E1 /* retro-calculatorUITests */ = {
			isa = PBXGroup;
			children = (
				800CBF9A1C4E643E009767E1 /* retro_calculatorUITests.swift */,
				800CBF9C1C4E643E009767E1 /* Info.plist */,
			);
			path = "retro-calculatorUITests";
			sourceTree = "<group>";
		};
/* End PBXGroup section */

/* Begin PBXNativeTarget section */
		800CBF761C4E643E009767E1 /* retro-calculator */ = {
			isa = PBXNativeTarget;
			buildConfigurationList = 800CBF9F1C4E643E009767E1 /* Build configuration list for PBXNativeTarget "retro-calculator" */;
			buildPhases = (
				800CBF731C4E643E009767E1 /* Sources */,
				800CBF741C4E643E009767E1 /* Frameworks */,
				800CBF751C4E643E009767E1 /* Resources */,
			);
			buildRules = (
			);
			dependencies = (
			);
			name = "retro-calculator";
			productName = "retro-calculator";
			productReference = 800CBF771C4E643E009767E1 /* retro-calculator.app */;
			productType = "com.apple.product-type.application";
		};
		800CBF8A1C4E643E009767E1 /* retro-calculatorTests */ = {
			isa = PBXNativeTarget;
			buildConfigurationList = 800CBFA21C4E643E009767E1 /* Build configuration list for PBXNativeTarget "retro-calculatorTests" */;
			buildPhases = (
				800CBF871C4E643E009767E1 /* Sources */,
				800CBF881C4E643E009767E1 /* Frameworks */,
				800CBF891C4E643E009767E1 /* Resources */,
			);
			buildRules = (
			);
			dependencies = (
				800CBF8D1C4E643E009767E1 /* PBXTargetDependency */,
			);
			name = "retro-calculatorTests";
			productName = "retro-calculatorTests";
			productReference = 800CBF8B1C4E643E009767E1 /* retro-calculatorTests.xctest */;
			productType = "com.apple.product-type.bundle.unit-test";
		};
		800CBF951C4E643E009767E1 /* retro-calculatorUITests */ = {
			isa = PBXNativeTarget;
			buildConfigurationList = 800CBFA51C4E643E009767E1 /* Build configuration list for PBXNativeTarget "retro-calculatorUITests" */;
			buildPhases = (
				800CBF921C4E643E009767E1 /* Sources */,
				800CBF931C4E643E009767E1 /* Frameworks */,
				800CBF941C4E643E009767E1 /* Resources */,
			);
			buildRules = (
			);
			dependencies = (
				800CBF981C4E643E009767E1 /* PBXTargetDependency */,
			);
			name = "retro-calculatorUITests";
			productName = "retro-calculatorUITests";
			productReference = 800CBF961C4E643E009767E1 /* retro-calculatorUITests.xctest */;
			productType = "com.apple.product-type.bundle.ui-testing";
		};
/* End PBXNativeTarget section */

/* Begin PBXProject section */
		800CBF6F1C4E643E009767E1 /* Project object */ = {
			isa = PBXProject;
			attributes = {
				LastSwiftUpdateCheck = 0720;
				LastUpgradeCheck = 0720;
				ORGANIZATIONNAME = "Abraham Sidabutar";
				TargetAttributes = {
					800CBF761C4E643E009767E1 = {
						CreatedOnToolsVersion = 7.2;
					};
					800CBF8A1C4E643E009767E1 = {
						CreatedOnToolsVersion = 7.2;
						TestTargetID = 800CBF761C4E643E009767E1;
					};
					800CBF951C4E643E009767E1 = {
						CreatedOnToolsVersion = 7.2;
						TestTargetID = 800CBF761C4E643E009767E1;
					};
				};
			};
			buildConfigurationList = 800CBF721C4E643E009767E1 /* Build configuration list for PBXProject "retro-calculator" */;
			compatibilityVersion = "Xcode 3.2";
			developmentRegion = English;
			hasScannedForEncodings = 0;
			knownRegions = (
				en,
				Base,
			);
			mainGroup = 800CBF6E1C4E643E009767E1;
			productRefGroup = 800CBF781C4E643E009767E1 /* Products */;
			projectDirPath = "";
			projectRoot = "";
			targets = (
				800CBF761C4E643E009767E1 /* retro-calculator */,
				800CBF8A1C4E643E009767E1 /* retro-calculatorTests */,
				800CBF951C4E643E009767E1 /* retro-calculatorUITests */,
			);
		};
/* End PBXProject section */

/* Begin PBXResourcesBuildPhase section */
		800CBF751C4E643E009767E1 /* Resources */ = {
			isa = PBXResourcesBuildPhase;
			buildActionMask = 2147483647;
			files = (
				800CBFAB1C4E8242009767E1 /* btn.wav in Resources */,
				800CBF851C4E643E009767E1 /* LaunchScreen.storyboard in Resources */,
				800CBF821C4E643E009767E1 /* Assets.xcassets in Resources */,
				800CBFA91C4E795C009767E1 /* Minecraft.ttf in Resources */,
				800CBF801C4E643E009767E1 /* Main.storyboard in Resources */,
			);
			runOnlyForDeploymentPostprocessing = 0;
		};
		800CBF891C4E643E009767E1 /* Resources */ = {
			isa = PBXResourcesBuildPhase;
			buildActionMask = 2147483647;
			files = (
			);
			runOnlyForDeploymentPostprocessing = 0;
		};
		800CBF941C4E643E009767E1 /* Resources */ = {
			isa = PBXResourcesBuildPhase;
			buildActionMask = 2147483647;
			files = (
			);
			runOnlyForDeploymentPostprocessing = 0;
		};
/* End PBXResourcesBuildPhase section */

/* Begin PBXSourcesBuildPhase section */
		800CBF731C4E643E009767E1 /* Sources */ = {
			isa = PBXSourcesBuildPhase;
			buildActionMask = 2147483647;
			files = (
				800CBF7D1C4E643E009767E1 /* ViewController.swift in Sources */,
				800CBF7B1C4E643E009767E1 /* AppDelegate.swift in Sources */,
			);
			runOnlyForDeploymentPostprocessing = 0;
		};
		800CBF871C4E643E009767E1 /* Sources */ = {
			isa = PBXSourcesBuildPhase;
			buildActionMask = 2147483647;
			files = (
				800CBF901C4E643E009767E1 /* retro_calculatorTests.swift in Sources */,
			);
			runOnlyForDeploymentPostprocessing = 0;
		};
		800CBF921C4E643E009767E1 /* Sources */ = {
			isa = PBXSourcesBuildPhase;
			buildActionMask = 2147483647;
			files = (
				800CBF9B1C4E643E009767E1 /* retro_calculatorUITests.swift in Sources */,
			);
			runOnlyForDeploymentPostprocessing = 0;
		};
/* End PBXSourcesBuildPhase section */

/* Begin PBXTargetDependency section */
		800CBF8D1C4E643E009767E1 /* PBXTargetDependency */ = {
			isa = PBXTargetDependency;
			target = 800CBF761C4E643E009767E1 /* retro-calculator */;
			targetProxy = 800CBF8C1C4E643E009767E1 /* PBXContainerItemProxy */;
		};
		800CBF981C4E643E009767E1 /* PBXTargetDependency */ = {
			isa = PBXTargetDependency;
			target = 800CBF761C4E643E009767E1 /* retro-calculator */;
			targetProxy = 800CBF971C4E643E009767E1 /* PBXContainerItemProxy */;
		};
/* End PBXTargetDependency section */

/* Begin PBXVariantGroup section */
		800CBF7E1C4E643E009767E1 /* Main.storyboard */ = {
			isa = PBXVariantGroup;
			children = (
				800CBF7F1C4E643E009767E1 /* Base */,
			);
			name = Main.storyboard;
			sourceTree = "<group>";
		};
		800CBF831C4E643E009767E1 /* LaunchScreen.storyboard */ = {
			isa = PBXVariantGroup;
			children = (
				800CBF841C4E643E009767E1 /* Base */,
			);
			name = LaunchScreen.storyboard;
			sourceTree = "<group>";
		};
/* End PBXVariantGroup section */

/* Begin XCBuildConfiguration section */
		800CBF9D1C4E643E009767E1 /* Debug */ = {
			isa = XCBuildConfiguration;
			buildSettings = {
				ALWAYS_SEARCH_USER_PATHS = NO;
				CLANG_CXX_LANGUAGE_STANDARD = "gnu++0x";
				CLANG_CXX_LIBRARY = "libc++";
				CLANG_ENABLE_MODULES = YES;
				CLANG_ENABLE_OBJC_ARC = YES;
				CLANG_WARN_BOOL_CONVERSION = YES;
				CLANG_WARN_CONSTANT_CONVERSION = YES;
				CLANG_WARN_DIRECT_OBJC_ISA_USAGE = YES_ERROR;
				CLANG_WARN_EMPTY_BODY = YES;
				CLANG_WARN_ENUM_CONVERSION = YES;
				CLANG_WARN_INT_CONVERSION = YES;
				CLANG_WARN_OBJC_ROOT_CLASS = YES_ERROR;
				CLANG_WARN_UNREACHABLE_CODE = YES;
				CLANG_WARN__DUPLICATE_METHOD_MATCH = YES;
				"CODE_SIGN_IDENTITY[sdk=iphoneos*]" = "iPhone Developer";
				COPY_PHASE_STRIP = NO;
				DEBUG_INFORMATION_FORMAT = dwarf;
				ENABLE_STRICT_OBJC_MSGSEND = YES;
				ENABLE_TESTABILITY = YES;
				GCC_C_LANGUAGE_STANDARD = gnu99;
				GCC_DYNAMIC_NO_PIC = NO;
				GCC_NO_COMMON_BLOCKS = YES;
				GCC_OPTIMIZATION_LEVEL = 0;
				GCC_PREPROCESSOR_DEFINITIONS = (
					"DEBUG=1",
					"$(inherited)",
				);
				GCC_WARN_64_TO_32_BIT_CONVERSION = YES;
				GCC_WARN_ABOUT_RETURN_TYPE = YES_ERROR;
				GCC_WARN_UNDECLARED_SELECTOR = YES;
				GCC_WARN_UNINITIALIZED_AUTOS = YES_AGGRESSIVE;
				GCC_WARN_UNUSED_FUNCTION = YES;
				GCC_WARN_UNUSED_VARIABLE = YES;
				IPHONEOS_DEPLOYMENT_TARGET = 9.2;
				MTL_ENABLE_DEBUG_INFO = YES;
				ONLY_ACTIVE_ARCH = YES;
				SDKROOT = iphoneos;
				SWIFT_OPTIMIZATION_LEVEL = "-Onone";
			};
			name = Debug;
		};
		800CBF9E1C4E643E009767E1 /* Release */ = {
			isa = XCBuildConfiguration;
			buildSettings = {
				ALWAYS_SEARCH_USER_PATHS = NO;
				CLANG_CXX_LANGUAGE_STANDARD = "gnu++0x";
				CLANG_CXX_LIBRARY = "libc++";
				CLANG_ENABLE_MODULES = YES;
				CLANG_ENABLE_OBJC_ARC = YES;
				CLANG_WARN_BOOL_CONVERSION = YES;
				CLANG_WARN_CONSTANT_CONVERSION = YES;
				CLANG_WARN_DIRECT_OBJC_ISA_USAGE = YES_ERROR;
				CLANG_WARN_EMPTY_BODY = YES;
				CLANG_WARN_ENUM_CONVERSION = YES;
				CLANG_WARN_INT_CONVERSION = YES;
				CLANG_WARN_OBJC_ROOT_CLASS = YES_ERROR;
				CLANG_WARN_UNREACHABLE_CODE = YES;
				CLANG_WARN__DUPLICATE_METHOD_MATCH = YES;
				"CODE_SIGN_IDENTITY[sdk=iphoneos*]" = "iPhone Developer";
				COPY_PHASE_STRIP = NO;
				DEBUG_INFORMATION_FORMAT = "dwarf-with-dsym";
				ENABLE_NS_ASSERTIONS = NO;
				ENABLE_STRICT_OBJC_MSGSEND = YES;
				GCC_C_LANGUAGE_STANDARD = gnu99;
				GCC_NO_COMMON_BLOCKS = YES;
				GCC_WARN_64_TO_32_BIT_CONVERSION = YES;
				GCC_WARN_ABOUT_RETURN_TYPE = YES_ERROR;
				GCC_WARN_UNDECLARED_SELECTOR = YES;
				GCC_WARN_UNINITIALIZED_AUTOS = YES_AGGRESSIVE;
				GCC_WARN_UNUSED_FUNCTION = YES;
				GCC_WARN_UNUSED_VARIABLE = YES;
				IPHONEOS_DEPLOYMENT_TARGET = 9.2;
				MTL_ENABLE_DEBUG_INFO = NO;
				SDKROOT = iphoneos;
				VALIDATE_PRODUCT = YES;
			};
			name = Release;
		};
		800CBFA01C4E643E009767E1 /* Debug */ = {
			isa = XCBuildConfiguration;
			buildSettings = {
				ASSETCATALOG_COMPILER_APPICON_NAME = AppIcon;
				INFOPLIST_FILE = "retro-calculator/Info.plist";
				LD_RUNPATH_SEARCH_PATHS = "$(inherited) @executable_path/Frameworks";
				PRODUCT_BUNDLE_IDENTIFIER = "self.edu.retro-calculator";
				PRODUCT_NAME = "$(TARGET_NAME)";
			};
			name = Debug;
		};
		800CBFA11C4E643E009767E1 /* Release */ = {
			isa = XCBuildConfiguration;
			buildSettings = {
				ASSETCATALOG_COMPILER_APPICON_NAME = AppIcon;
				INFOPLIST_FILE = "retro-calculator/Info.plist";
				LD_RUNPATH_SEARCH_PATHS = "$(inherited) @executable_path/Frameworks";
				PRODUCT_BUNDLE_IDENTIFIER = "self.edu.retro-calculator";
				PRODUCT_NAME = "$(TARGET_NAME)";
			};
			name = Release;
		};
		800CBFA31C4E643E009767E1 /* Debug */ = {
			isa = XCBuildConfiguration;
			buildSettings = {
				BUNDLE_LOADER = "$(TEST_HOST)";
				INFOPLIST_FILE = "retro-calculatorTests/Info.plist";
				LD_RUNPATH_SEARCH_PATHS = "$(inherited) @executable_path/Frameworks @loader_path/Frameworks";
				PRODUCT_BUNDLE_IDENTIFIER = "self.edu.retro-calculatorTests";
				PRODUCT_NAME = "$(TARGET_NAME)";
				TEST_HOST = "$(BUILT_PRODUCTS_DIR)/retro-calculator.app/retro-calculator";
			};
			name = Debug;
		};
		800CBFA41C4E643E009767E1 /* Release */ = {
			isa = XCBuildConfiguration;
			buildSettings = {
				BUNDLE_LOADER = "$(TEST_HOST)";
				INFOPLIST_FILE = "retro-calculatorTests/Info.plist";
				LD_RUNPATH_SEARCH_PATHS = "$(inherited) @executable_path/Frameworks @loader_path/Frameworks";
				PRODUCT_BUNDLE_IDENTIFIER = "self.edu.retro-calculatorTests";
				PRODUCT_NAME = "$(TARGET_NAME)";
				TEST_HOST = "$(BUILT_PRODUCTS_DIR)/retro-calculator.app/retro-calculator";
			};
			name = Release;
		};
		800CBFA61C4E643E009767E1 /* Debug */ = {
			isa = XCBuildConfiguration;
			buildSettings = {
				INFOPLIST_FILE = "retro-calculatorUITests/Info.plist";
				LD_RUNPATH_SEARCH_PATHS = "$(inherited) @executable_path/Frameworks @loader_path/Frameworks";
				PRODUCT_BUNDLE_IDENTIFIER = "self.edu.retro-calculatorUITests";
				PRODUCT_NAME = "$(TARGET_NAME)";
				TEST_TARGET_NAME = "retro-calculator";
				USES_XCTRUNNER = YES;
			};
			name = Debug;
		};
		800CBFA71C4E643E009767E1 /* Release */ = {
			isa = XCBuildConfiguration;
			buildSettings = {
				INFOPLIST_FILE = "retro-calculatorUITests/Info.plist";
				LD_RUNPATH_SEARCH_PATHS = "$(inherited) @executable_path/Frameworks @loader_path/Frameworks";
				PRODUCT_BUNDLE_IDENTIFIER = "self.edu.retro-calculatorUITests";
				PRODUCT_NAME = "$(TARGET_NAME)";
				TEST_TARGET_NAME = "retro-calculator";
				USES_XCTRUNNER = YES;
			};
			name = Release;
		};
/* End XCBuildConfiguration section */

/* Begin XCConfigurationList section */
		800CBF721C4E643E009767E1 /* Build configuration list for PBXProject "retro-calculator" */ = {
			isa = XCConfigurationList;
			buildConfigurations = (
				800CBF9D1C4E643E009767E1 /* Debug */,
				800CBF9E1C4E643E009767E1 /* Release */,
			);
			defaultConfigurationIsVisible = 0;
			defaultConfigurationName = Release;
		};
		800CBF9F1C4E643E009767E1 /* Build configuration list for PBXNativeTarget "retro-calculator" */ = {
			isa = XCConfigurationList;
			buildConfigurations = (
				800CBFA01C4E643E009767E1 /* Debug */,
				800CBFA11C4E643E009767E1 /* Release */,
			);
			defaultConfigurationIsVisible = 0;
		};
		800CBFA21C4E643E009767E1 /* Build configuration list for PBXNativeTarget "retro-calculatorTests" */ = {
			isa = XCConfigurationList;
			buildConfigurations = (
				800CBFA31C4E643E009767E1 /* Debug */,
				800CBFA41C4E643E009767E1 /* Release */,
			);
			defaultConfigurationIsVisible = 0;
		};
		800CBFA51C4E643E009767E1 /* Build configuration list for PBXNativeTarget "retro-calculatorUITests" */ = {
			isa = XCConfigurationList;
			buildConfigurations = (
				800CBFA61C4E643E009767E1 /* Debug */,
				800CBFA71C4E643E009767E1 /* Release */,
			);
			defaultConfigurationIsVisible = 0;
		};
/* End XCConfigurationList section */
	};
	rootObject = 800CBF6F1C4E643E009767E1 /* Project object */;
}
